github.com/akamensky/argparse v1.2.2 h1:P17T0ZjlUNJuWTPPJ2A5dM1wxarHgHqfYH+AZTo2xQA=
github.com/akamensky/argparse v1.2.2/go.mod h1:S5kwC7IuDcEr5VeXtGPRVZ5o/FdhcMlQz4IZQuw64xA=
github.com/codingsince1985/checksum v1.1.0 h1:hYebixS4t5k2hnG6mFVMVqMiGCVC8Dw0ywCXFpYpjmQ=
github.com/codingsince1985/checksum v1.1.0/go.mod h1:oOS5kmF4DPKaeMAT7CCXcvakSB7s08Om5FdZTwV/CEk=
github.com/davecgh/go-spew v1.1.1/go.mod h1:J7Y8YcW2NihsgmVo/mv3lAwl/skON4iLHjSsI+c5H38=
github.com/magefile/mage v1.10.0 h1:3HiXzCUY12kh9bIuyXShaVe529fJfyqoVM42o/uom2g=
github.com/magefile/mage v1.10.0/go.mod h1:z5UZb/iS3GoOSn0JgWuiw7dxlurVYTu+/jHXqQg881A=
github.com/mitchellh/go-homedir v1.1.0/go.mod h1:SfyaCUpYCn1Vlf4IUYiD9fPX4A5wJrkLzIz1N1q0pr0=
github.com/pmezard/go-difflib v1.0.0/go.mod h1:iKH77koFhYxTK1pcRnkKkqfTogsbg7gZNVY4sRDYZ/4=
github.com/sirupsen/logrus v1.7.1 h1:rsizeFmZP+GYwyb4V6t6qpG7ZNWzA2bvgW/yC2xHCcg=
github.com/sirupsen/logrus v1.7.1/go.mod h1:4GuYW9TZmE769R5STWrRakJc4UqQ3+QQ95fyz7ENv1A=
github.com/stretchr/testify v1.2.2/go.mod h1:a8OnRcib4nhh0OaRAV+Yts87kKdq0PP7pXfy6kDkUVs=
golang.org/x/sys v0.0.0-20191026070338-33540a1f6037 h1:YyJpGZS1sBuBCzLAR1VEpK193GlqGZbnPFnPV/5Rsb4=
golang.org/x/sys v0.0.0-20191026070338-33540a1f6037/go.mod h1:h1NjWce9XRLGQEsW7wpKNCjG9DtNlClVuFLEZdDNbEs=
